
Microsoft Visual Studio Solution File, Format Version 12.00
# Visual Studio Version 16
VisualStudioVersion = 16.0.31410.357
MinimumVisualStudioVersion = 10.0.40219.1
Project("{FAE04EC0-301F-11D3-BF4B-00C04F79EFBC}") = "WindowsFormsApp1", "WindowsFormsApp1\WindowsFormsApp1.csproj", "{32A470D1-7792-4F9A-BE3C-984E9325B1A0}"
EndProject
Global
	GlobalSection(SolutionConfigurationPlatforms) = preSolution
		Debug|Any CPU = Debug|Any CPU
		Release|Any CPU = Release|Any CPU
	EndGlobalSection
	GlobalSection(ProjectConfigurationPlatforms) = postSolution
		{32A470D1-7792-4F9A-BE3C-984E9325B1A0}.Debug|Any CPU.ActiveCfg = Debug|Any CPU
		{32A470D1-7792-4F9A-BE3C-984E9325B1A0}.Debug|Any CPU.Build.0 = Debug|Any CPU
		{32A470D1-7792-4F9A-BE3C-984E9325B1A0}.Release|Any CPU.ActiveCfg = Release|Any CPU
		{32A470D1-7792-4F9A-BE3C-984E9325B1A0}.Release|Any CPU.Build.0 = Release|Any CPU
	EndGlobalSection
	GlobalSection(SolutionProperties) = preSolution
		HideSolutionNode = FALSE
	EndGlobalSection
	GlobalSection(ExtensibilityGlobals) = postSolution
		SolutionGuid = {DD0FFE83-C022-49C2-A7F4-0E6A49EAE9C4}
	EndGlobalSection
EndGlobal
